{
  "name": "samrito-pi-preset",
  "version": "1.1.0",
  "lockfileVersion": 3,
  "requires": true,
  "packages": {
    "": {
      "name": "samrito-pi-preset",
      "version": "1.1.0",
      "bundleDependencies": [
        "@gotgenes/pi-permission-system",
        "@gotgenes/pi-subagents",
        "@juicesharp/rpiv-ask-user-question",
        "@juicesharp/rpiv-todo",
        "@juicesharp/rpiv-web-tools",
        "@narumitw/pi-btw",
        "@nguyenquangthai/pi-omp-theme",
        "@sakiko233/pi-background-tasks",
        "@samrito/pi-cliproxyapi-provider",
        "pi-context-view",
        "pi-goal-x"
      ],
      "license": "MIT",
      "dependencies": {
        "@gotgenes/pi-permission-system": "^40.1.1",
        "@gotgenes/pi-subagents": "^23.2.0",
        "@juicesharp/rpiv-ask-user-question": "^2.12.0",
        "@juicesharp/rpiv-todo": "^2.12.0",
        "@juicesharp/rpiv-web-tools": "^2.12.0",
        "@narumitw/pi-btw": "^0.61.1",
        "@nguyenquangthai/pi-omp-theme": "^1.0.15",
        "@sakiko233/pi-background-tasks": "^3.1.0",
        "@samrito/pi-cliproxyapi-provider": "^0.16.0",
        "pi-context-view": "^0.6.0",
        "pi-goal-x": "^0.32.3"
      }
    },
    "node_modules/@gotgenes/pi-permission-system": {
      "version": "40.1.1",
      "resolved": "https://registry.npmjs.org/@gotgenes/pi-permission-system/-/pi-permission-system-40.1.1.tgz",
      "integrity": "sha512-ySm2TUjWR3/Nowcb2inhhDBMmwvaEaBSquQiPEJaULLlBkLj6LJ+qx2ceSPyflfzABgW3osq7Ze3hVLQh5eGlw==",
      "inBundle": true,
      "license": "MIT",
      "dependencies": {
        "tree-sitter-bash": "^0.25.1",
        "web-tree-sitter": "^0.26.9",
        "zod": "^4.4.3"
      },
      "engines": {
        "node": ">=22"
      },
      "peerDependencies": {
        "@earendil-works/pi-coding-agent": ">=1.0.0",
        "@earendil-works/pi-tui": ">=1.0.0"
      }
    },
    "node_modules/@gotgenes/pi-subagents": {
      "version": "23.2.0",
      "resolved": "https://registry.npmjs.org/@gotgenes/pi-subagents/-/pi-subagents-23.2.0.tgz",
      "integrity": "sha512-bOK9iS1i0Lj+7vsTAWYT/Dyktpky8ZTUfWTXZtoBOxjJq29qmt5nVzJmR+0CZUYsByCUNpp7Ci3H/HyByD7KKw==",
      "inBundle": true,
      "license": "MIT",
      "engines": {
        "node": ">=22"
      },
      "peerDependencies": {
        "@earendil-works/pi-ai": ">=1.0.0",
        "@earendil-works/pi-coding-agent": ">=1.0.0",
        "@earendil-works/pi-tui": ">=1.0.0",
        "typebox": "*"
      }
    },
    "node_modules/@juicesharp/rpiv-ask-user-question": {
      "version": "2.12.0",
      "resolved": "https://registry.npmjs.org/@juicesharp/rpiv-ask-user-question/-/rpiv-ask-user-question-2.12.0.tgz",
      "integrity": "sha512-DilWc7u25SwnK6ytuAWOTerP0AmOEfK4HXpgS1oEzkgv9d5g5T+PbLG+zcLn18M3B/J3poMG14iydG5O6iBsnw==",
      "inBundle": true,
      "license": "MIT",
      "dependencies": {
        "@juicesharp/rpiv-config": "^2.12.0"
      },
      "peerDependencies": {
        "@earendil-works/pi-coding-agent": "*",
        "@earendil-works/pi-tui": "*",
        "@juicesharp/rpiv-i18n": "*",
        "typebox": "*"
      },
      "peerDependenciesMeta": {
        "@juicesharp/rpiv-i18n": {
          "optional": true
        }
      }
    },
    "node_modules/@juicesharp/rpiv-config": {
      "version": "2.12.0",
      "resolved": "https://registry.npmjs.org/@juicesharp/rpiv-config/-/rpiv-config-2.12.0.tgz",
      "integrity": "sha512-eGjoCDCKz2JtKIUIpZ2y8CAVjxZYXCKa2D64ByozhkAWVblXsgyFLrQMk5k5Bv5RXRrA3GY66XNG5ExtEuGASA==",
      "inBundle": true,
      "license": "MIT",
      "peerDependencies": {
        "typebox": "*"
      }
    },
    "node_modules/@juicesharp/rpiv-todo": {
      "version": "2.12.0",
      "resolved": "https://registry.npmjs.org/@juicesharp/rpiv-todo/-/rpiv-todo-2.12.0.tgz",
      "integrity": "sha512-bTILerGqMGrWMUkahHzXTuYa4iPkRX/LTl12HPppcCdPg7pGwrC1K7/ZtPfp7Xi4cXzqEoyZpeUM6IA8y5gtEQ==",
      "inBundle": true,
      "license": "MIT",
      "dependencies": {
        "@juicesharp/rpiv-config": "^2.12.0"
      },
      "peerDependencies": {
        "@earendil-works/pi-ai": "*",
        "@earendil-works/pi-coding-agent": "*",
        "@earendil-works/pi-tui": "*",
        "@juicesharp/rpiv-i18n": "*",
        "typebox": "*"
      },
      "peerDependenciesMeta": {
        "@juicesharp/rpiv-i18n": {
          "optional": true
        }
      }
    },
    "node_modules/@juicesharp/rpiv-web-tools": {
      "version": "2.12.0",
      "resolved": "https://registry.npmjs.org/@juicesharp/rpiv-web-tools/-/rpiv-web-tools-2.12.0.tgz",
      "integrity": "sha512-AtQi6Lq0MbsG4u+xUtJlw1gB2enpl+u6XZYRqj6qTJ7ujnrEbPMuUGh6hAr1N72V7IiZh11OPl9t9ozB+i3wqQ==",
      "inBundle": true,
      "license": "MIT",
      "dependencies": {
        "@juicesharp/rpiv-config": "^2.12.0"
      },
      "peerDependencies": {
        "@earendil-works/pi-coding-agent": "*",
        "@earendil-works/pi-tui": "*",
        "typebox": "*"
      }
    },
    "node_modules/@narumitw/pi-btw": {
      "version": "0.61.1",
      "resolved": "https://registry.npmjs.org/@narumitw/pi-btw/-/pi-btw-0.61.1.tgz",
      "integrity": "sha512-s1AsDNnF4eEeQGByoI+m0Y7gewTkR3KlsnhToLvVJTQqlZWHtIBUlkrODtSan2rBKcYH2GdxlNx9G7WC6N0LvA==",
      "inBundle": true,
      "license": "MIT",
      "dependencies": {
        "@narumitw/pi-tui-kit": "^0.64.0"
      },
      "peerDependencies": {
        "@earendil-works/pi-ai": "*",
        "@earendil-works/pi-coding-agent": "*",
        "@earendil-works/pi-tui": "*"
      }
    },
    "node_modules/@narumitw/pi-tui-kit": {
      "version": "0.64.0",
      "resolved": "https://registry.npmjs.org/@narumitw/pi-tui-kit/-/pi-tui-kit-0.64.0.tgz",
      "integrity": "sha512-VdFK3DyNzanfabeNP9DFX8Jj2LMKi6RV0q3Mf+xVwosG0bMWIIUwe6S9KDBYq5KfzEMzr4iFMSBweT95McwedQ==",
      "inBundle": true,
      "license": "MIT",
      "dependencies": {
        "diff": "9.0.0",
        "grok-mermaid": "0.2.3",
        "highlight.js": "11.12.0"
      },
      "peerDependencies": {
        "@earendil-works/pi-coding-agent": "*",
        "@earendil-works/pi-tui": "*"
      }
    },
    "node_modules/@nguyenquangthai/pi-omp-theme": {
      "version": "1.0.15",
      "resolved": "https://registry.npmjs.org/@nguyenquangthai/pi-omp-theme/-/pi-omp-theme-1.0.15.tgz",
      "integrity": "sha512-6is8+edtv8JPCx844ipFEXTFDnWEW2jv+s0a3pr8fu/O022lEVeUIKFV2Hvw0iux8bSJJHnyi28rk6s6DS5JLQ==",
      "inBundle": true,
      "license": "MIT",
      "engines": {
        "node": ">=22.19.0"
      },
      "peerDependencies": {
        "@earendil-works/pi-coding-agent": "*",
        "@earendil-works/pi-tui": "*"
      }
    },
    "node_modules/@sakiko233/pi-background-tasks": {
      "version": "3.1.0",
      "resolved": "https://registry.npmjs.org/@sakiko233/pi-background-tasks/-/pi-background-tasks-3.1.0.tgz",
      "integrity": "sha512-MCyu2YNqVpmqYnrjWRF7uMGpVKNBlHl+Rpg/bp/4+XkSKDLMqRJXmCkwWW2Y40V3qojGf0Vggy2KsbkGFoQiIw==",
      "inBundle": true,
      "license": "ISC",
      "engines": {
        "node": ">=22.19.0"
      },
      "peerDependencies": {
        "@earendil-works/pi-coding-agent": "^0.81.1 || ^0.82.1 || ^0.83.0 || ^0.84.0",
        "@earendil-works/pi-tui": "^0.81.1 || ^0.82.1 || ^0.83.0 || ^0.84.0",
        "typebox": "*"
      }
    },
    "node_modules/@samrito/pi-cliproxyapi-provider": {
      "version": "0.16.0",
      "resolved": "https://registry.npmjs.org/@samrito/pi-cliproxyapi-provider/-/pi-cliproxyapi-provider-0.16.0.tgz",
      "integrity": "sha512-ISg6/m/hHwYE7IzoQ2tT8yh4sZ5/KOmdkMWYtba1oE71GRQbYwh3Cv+TdSW57eTIbeGRRnZqy2Zja7IB8A4vTA==",
      "inBundle": true,
      "license": "MIT",
      "peerDependencies": {
        "@earendil-works/pi-ai": ">=0.84.0",
        "@earendil-works/pi-coding-agent": ">=0.84.0",
        "@earendil-works/pi-tui": ">=0.84.0"
      },
      "peerDependenciesMeta": {
        "@earendil-works/pi-ai": {
          "optional": true
        },
        "@earendil-works/pi-coding-agent": {
          "optional": true
        },
        "@earendil-works/pi-tui": {
          "optional": true
        }
      }
    },
    "node_modules/diff": {
      "version": "9.0.0",
      "resolved": "https://registry.npmjs.org/diff/-/diff-9.0.0.tgz",
      "integrity": "sha512-svtcdpS8CgJyqAjEQIXdb3OjhFVVYjzGAPO8WGCmRbrml64SPw/jJD4GoE98aR7r25A0XcgrK3F02yw9R/vhQw==",
      "inBundle": true,
      "license": "BSD-3-Clause",
      "engines": {
        "node": ">=0.3.1"
      }
    },
    "node_modules/grok-mermaid": {
      "version": "0.2.3",
      "resolved": "https://registry.npmjs.org/grok-mermaid/-/grok-mermaid-0.2.3.tgz",
      "integrity": "sha512-/4KopAbsjvuRP9MdPtlDjOHUmUVEohOX73JNcsWpzAtFxh+bq5+Dhb6gzvRieLDwIPQIR3/vy8V1NNTuz4Zsmg==",
      "inBundle": true,
      "license": "Apache-2.0",
      "engines": {
        "node": ">=18"
      }
    },
    "node_modules/highlight.js": {
      "version": "11.12.0",
      "resolved": "https://registry.npmjs.org/highlight.js/-/highlight.js-11.12.0.tgz",
      "integrity": "sha512-nbfWpyRMcMrPMmDwJB+dhX/eiaPKtc2RB+0QZskqJ3WjRA/FDS0e9hZrx8EC/lbEv8gXy98FcDbNa/dspAaJMg==",
      "inBundle": true,
      "license": "BSD-3-Clause",
      "engines": {
        "node": ">=12.0.0"
      }
    },
    "node_modules/node-addon-api": {
      "version": "8.9.2",
      "resolved": "https://registry.npmjs.org/node-addon-api/-/node-addon-api-8.9.2.tgz",
      "integrity": "sha512-VijLXbi3UACN69I0JVXJsX4tjACjNoQDgv2gTF6sx2wWEi8tkSg2eX8p5gSIFi8z2+DL3oHmY6OyKce38SDolg==",
      "inBundle": true,
      "license": "MIT",
      "engines": {
        "node": "^18 || ^20 || >= 21"
      }
    },
    "node_modules/node-gyp-build": {
      "version": "4.8.4",
      "resolved": "https://registry.npmjs.org/node-gyp-build/-/node-gyp-build-4.8.4.tgz",
      "integrity": "sha512-LA4ZjwlnUblHVgq0oBF3Jl/6h/Nvs5fzBLwdEF4nuxnFdsfajde4WfxtJr3CaiH+F6ewcIB/q4jQ4UzPyid+CQ==",
      "inBundle": true,
      "license": "MIT",
      "bin": {
        "node-gyp-build": "bin.js",
        "node-gyp-build-optional": "optional.js",
        "node-gyp-build-test": "build-test.js"
      }
    },
    "node_modules/pi-context-view": {
      "version": "0.6.0",
      "resolved": "https://registry.npmjs.org/pi-context-view/-/pi-context-view-0.6.0.tgz",
      "integrity": "sha512-Ngo1m+3lzyi4AE1WxYW2MRKOAYdzvL3XcZSmJg27fqAlJPuDM3Rnp+rqheFBe3ElX+wsK4xZuv1CaZb+FrFKRA==",
      "inBundle": true,
      "license": "MIT",
      "engines": {
        "node": ">=22.19.0"
      },
      "peerDependencies": {
        "@earendil-works/pi-coding-agent": "*",
        "@earendil-works/pi-tui": "*"
      }
    },
    "node_modules/pi-goal-x": {
      "version": "0.32.3",
      "resolved": "https://registry.npmjs.org/pi-goal-x/-/pi-goal-x-0.32.3.tgz",
      "integrity": "sha512-Jip/7p+yuOx/+ckV6IQDr+WhlVvXVw16aR9HMWadc5itciABHdt4HU0Gi3pJU7gJdnB1W3yjdcq6hMwVo/6YIw==",
      "inBundle": true,
      "license": "MIT",
      "bin": {
        "pi-goal-x-recover": "scripts/recover-session-checkpoints.mjs"
      },
      "engines": {
        "node": ">=22.15.0"
      },
      "peerDependencies": {
        "@earendil-works/pi-ai": ">=0.83.0 <2.0.0",
        "@earendil-works/pi-coding-agent": ">=0.83.0 <2.0.0",
        "@earendil-works/pi-tui": ">=0.83.0 <2.0.0",
        "typebox": "^1.3.11"
      }
    },
    "node_modules/tree-sitter-bash": {
      "version": "0.25.1",
      "resolved": "https://registry.npmjs.org/tree-sitter-bash/-/tree-sitter-bash-0.25.1.tgz",
      "integrity": "sha512-7hMytuYIMoXOq24yRulgIxthE9YmggZIOHCyPTTuJcu6EU54tYD+4G39cUb28kxC6jMf/AbPfWGLQtgPTdh3xw==",
      "hasInstallScript": true,
      "inBundle": true,
      "license": "MIT",
      "dependencies": {
        "node-addon-api": "^8.2.1",
        "node-gyp-build": "^4.8.2"
      },
      "peerDependencies": {
        "tree-sitter": "^0.25.0"
      },
      "peerDependenciesMeta": {
        "tree-sitter": {
          "optional": true
        }
      }
    },
    "node_modules/web-tree-sitter": {
      "version": "0.26.13",
      "resolved": "https://registry.npmjs.org/web-tree-sitter/-/web-tree-sitter-0.26.13.tgz",
      "integrity": "sha512-5bUZ7vbQ1kcondet96wzP974+JfCZDeQ7bTpacICm2nnvHpa5cO0ByRsoMcAhUP+743vpkb4m0BFlVSm+Ye9VA==",
      "inBundle": true,
      "license": "MIT"
    },
    "node_modules/zod": {
      "version": "4.6.5",
      "resolved": "https://registry.npmjs.org/zod/-/zod-4.6.5.tgz",
      "integrity": "sha512-v5l/aFXZQeai4awLbOpSoHecE9UiMrnfx75tEXLjNonXVARxQ5mOeipTjROUchszUNCqnE+hqAMujRsRHsut2Q==",
      "inBundle": true,
      "license": "MIT",
      "funding": {
        "url": "https://github.com/sponsors/colinhacks"
      }
    }
  }
}
