{
  "name": "samrito-pi-preset",
  "version": "1.1.0",
  "lockfileVersion": 3,
  "requires": true,
  "packages": {
    "": {
      "name": "samrito-pi-preset",
      "version": "1.1.0",
      "bundleDependencies": [
        "@gotgenes/pi-permission-system",
        "@gotgenes/pi-subagents",
        "@juicesharp/rpiv-ask-user-question",
        "@juicesharp/rpiv-todo",
        "@narumitw/pi-btw",
        "@nguyenquangthai/pi-omp-theme",
        "@sakiko233/pi-background-tasks",
        "@samrito/pi-cliproxyapi-provider",
        "pi-context-view",
        "pi-goal-x"
      ],
      "license": "MIT",
      "dependencies": {
        "@gotgenes/pi-permission-system": "^32.0.2",
        "@gotgenes/pi-subagents": "^21.7.0",
        "@juicesharp/rpiv-ask-user-question": "^2.10.1",
        "@juicesharp/rpiv-todo": "^2.10.1",
        "@narumitw/pi-btw": "^0.58.1",
        "@nguyenquangthai/pi-omp-theme": "^1.0.12",
        "@sakiko233/pi-background-tasks": "^3.1.0",
        "@samrito/pi-cliproxyapi-provider": "^0.16.0",
        "pi-context-view": "^0.5.2",
        "pi-goal-x": "^0.31.2"
      }
    },
    "node_modules/@gotgenes/pi-permission-system": {
      "version": "32.0.2",
      "resolved": "https://registry.npmjs.org/@gotgenes/pi-permission-system/-/pi-permission-system-32.0.2.tgz",
      "integrity": "sha512-SwLFoDdsqgYC6Whs+Xkb67BspSGpxR+Z8vhR68i+jj6x+MQe6fbHlxZtYLCBaQQuVpJ2aPoiQd16zNeLzkzjWg==",
      "inBundle": true,
      "license": "MIT",
      "dependencies": {
        "tree-sitter-bash": "^0.25.1",
        "web-tree-sitter": "^0.26.9",
        "zod": "^4.4.3"
      },
      "engines": {
        "node": ">=22"
      },
      "peerDependencies": {
        "@earendil-works/pi-coding-agent": ">=0.79.0",
        "@earendil-works/pi-tui": ">=0.79.0"
      }
    },
    "node_modules/@gotgenes/pi-subagents": {
      "version": "21.7.0",
      "resolved": "https://registry.npmjs.org/@gotgenes/pi-subagents/-/pi-subagents-21.7.0.tgz",
      "integrity": "sha512-3xRPiNMM0yjyI0XjRJ62Zpx8b7oJdzKHB89nCUo7YzMOu49BTGN7A4Re+nqc+glV10iNLir+FXTtYQpvK0nJxw==",
      "inBundle": true,
      "license": "MIT",
      "dependencies": {
        "@sinclair/typebox": "^0.34.49"
      },
      "engines": {
        "node": ">=22"
      },
      "peerDependencies": {
        "@earendil-works/pi-ai": ">=0.75.0",
        "@earendil-works/pi-coding-agent": ">=0.81.0",
        "@earendil-works/pi-tui": ">=0.75.0"
      }
    },
    "node_modules/@juicesharp/rpiv-ask-user-question": {
      "version": "2.10.1",
      "resolved": "https://registry.npmjs.org/@juicesharp/rpiv-ask-user-question/-/rpiv-ask-user-question-2.10.1.tgz",
      "integrity": "sha512-7DBrnso9jv99OaK9cLfBIPv+qK0n4OrQ8I8gfi1tnYZcDLG8Kj/acuC7MLFlzcvc4F1PtAak342emSR9W/O5GQ==",
      "inBundle": true,
      "license": "MIT",
      "dependencies": {
        "@juicesharp/rpiv-config": "^2.10.1",
        "typebox": "^1.1.24"
      },
      "peerDependencies": {
        "@earendil-works/pi-coding-agent": "*",
        "@earendil-works/pi-tui": "*",
        "@juicesharp/rpiv-i18n": "*"
      },
      "peerDependenciesMeta": {
        "@juicesharp/rpiv-i18n": {
          "optional": true
        }
      }
    },
    "node_modules/@juicesharp/rpiv-config": {
      "version": "2.10.1",
      "resolved": "https://registry.npmjs.org/@juicesharp/rpiv-config/-/rpiv-config-2.10.1.tgz",
      "integrity": "sha512-iqW1Vy/2alnzGDVldyOgDfqOE+yy7Ppb61AG9LKWBGdf1RmHsmLBF4GCESL/PmxrtsinskgEoX6nmN5EmVOnbA==",
      "inBundle": true,
      "license": "MIT",
      "dependencies": {
        "typebox": "^1.1.24"
      }
    },
    "node_modules/@juicesharp/rpiv-todo": {
      "version": "2.10.1",
      "resolved": "https://registry.npmjs.org/@juicesharp/rpiv-todo/-/rpiv-todo-2.10.1.tgz",
      "integrity": "sha512-3VvPztpStw9bp99Iq2z6IsbHL7fGpOY0ugTTE7fzSRipgQY3LkdazuBK6TnKr4jaqungHNbAoUF7e/6gsTz8eg==",
      "inBundle": true,
      "license": "MIT",
      "dependencies": {
        "@juicesharp/rpiv-config": "^2.10.1",
        "typebox": "^1.1.24"
      },
      "peerDependencies": {
        "@earendil-works/pi-ai": "*",
        "@earendil-works/pi-coding-agent": "*",
        "@earendil-works/pi-tui": "*",
        "@juicesharp/rpiv-i18n": "*"
      },
      "peerDependenciesMeta": {
        "@juicesharp/rpiv-i18n": {
          "optional": true
        }
      }
    },
    "node_modules/@narumitw/pi-btw": {
      "version": "0.58.1",
      "resolved": "https://registry.npmjs.org/@narumitw/pi-btw/-/pi-btw-0.58.1.tgz",
      "integrity": "sha512-hz8z759/VSLbzghJL4hFu5lKeoeWdvmMwixWhPWXBWvIg4C6ndU9mqYCkuuogKGUlKg5tQKe/GxTqdsSbrKtmw==",
      "inBundle": true,
      "license": "MIT",
      "dependencies": {
        "@narumitw/pi-tui-kit": "^0.59.0"
      },
      "peerDependencies": {
        "@earendil-works/pi-ai": "*",
        "@earendil-works/pi-coding-agent": "*",
        "@earendil-works/pi-tui": "*"
      }
    },
    "node_modules/@narumitw/pi-tui-kit": {
      "version": "0.59.0",
      "resolved": "https://registry.npmjs.org/@narumitw/pi-tui-kit/-/pi-tui-kit-0.59.0.tgz",
      "integrity": "sha512-KBbOcciJD+HVbeduUwBUiSy2AehMGYeOwiRPXvac5tcjuh3SDoQ+7qsNPt2s/ku6exJKZp0GYtAVsiu5ySddmA==",
      "inBundle": true,
      "license": "MIT",
      "dependencies": {
        "grok-mermaid": "0.2.3",
        "highlight.js": "11.12.0"
      },
      "peerDependencies": {
        "@earendil-works/pi-coding-agent": "*",
        "@earendil-works/pi-tui": "*"
      }
    },
    "node_modules/@nguyenquangthai/pi-omp-theme": {
      "version": "1.0.12",
      "resolved": "https://registry.npmjs.org/@nguyenquangthai/pi-omp-theme/-/pi-omp-theme-1.0.12.tgz",
      "integrity": "sha512-UhzGFpaLGB1eo1jKr7yckU1l47WtIX5RrFJRD78YKnRhyYgj9rIa7WhCeXCX3i9vq/5tom/1LOHs0JFnGfjJUQ==",
      "inBundle": true,
      "license": "MIT",
      "engines": {
        "node": ">=22.19.0"
      },
      "peerDependencies": {
        "@earendil-works/pi-coding-agent": "*",
        "@earendil-works/pi-tui": "*"
      }
    },
    "node_modules/@sakiko233/pi-background-tasks": {
      "version": "3.1.0",
      "resolved": "https://registry.npmjs.org/@sakiko233/pi-background-tasks/-/pi-background-tasks-3.1.0.tgz",
      "integrity": "sha512-MCyu2YNqVpmqYnrjWRF7uMGpVKNBlHl+Rpg/bp/4+XkSKDLMqRJXmCkwWW2Y40V3qojGf0Vggy2KsbkGFoQiIw==",
      "inBundle": true,
      "license": "ISC",
      "engines": {
        "node": ">=22.19.0"
      },
      "peerDependencies": {
        "@earendil-works/pi-coding-agent": "^0.81.1 || ^0.82.1 || ^0.83.0 || ^0.84.0",
        "@earendil-works/pi-tui": "^0.81.1 || ^0.82.1 || ^0.83.0 || ^0.84.0",
        "typebox": "*"
      }
    },
    "node_modules/@samrito/pi-cliproxyapi-provider": {
      "version": "0.16.0",
      "resolved": "https://registry.npmjs.org/@samrito/pi-cliproxyapi-provider/-/pi-cliproxyapi-provider-0.16.0.tgz",
      "integrity": "sha512-ISg6/m/hHwYE7IzoQ2tT8yh4sZ5/KOmdkMWYtba1oE71GRQbYwh3Cv+TdSW57eTIbeGRRnZqy2Zja7IB8A4vTA==",
      "inBundle": true,
      "license": "MIT",
      "peerDependencies": {
        "@earendil-works/pi-ai": ">=0.84.0",
        "@earendil-works/pi-coding-agent": ">=0.84.0",
        "@earendil-works/pi-tui": ">=0.84.0"
      },
      "peerDependenciesMeta": {
        "@earendil-works/pi-ai": {
          "optional": true
        },
        "@earendil-works/pi-coding-agent": {
          "optional": true
        },
        "@earendil-works/pi-tui": {
          "optional": true
        }
      }
    },
    "node_modules/@sinclair/typebox": {
      "version": "0.34.52",
      "resolved": "https://registry.npmjs.org/@sinclair/typebox/-/typebox-0.34.52.tgz",
      "integrity": "sha512-XiMQh7qqVlxZzcVD+kkGMNGMzcTrDMLWI7S4x7z1MkCkbDPrekpZXEUK0eZqZFMuHQg2a2DZOcDIh9o5v3Gonw==",
      "inBundle": true,
      "license": "MIT"
    },
    "node_modules/grok-mermaid": {
      "version": "0.2.3",
      "resolved": "https://registry.npmjs.org/grok-mermaid/-/grok-mermaid-0.2.3.tgz",
      "integrity": "sha512-/4KopAbsjvuRP9MdPtlDjOHUmUVEohOX73JNcsWpzAtFxh+bq5+Dhb6gzvRieLDwIPQIR3/vy8V1NNTuz4Zsmg==",
      "inBundle": true,
      "license": "Apache-2.0",
      "engines": {
        "node": ">=18"
      }
    },
    "node_modules/highlight.js": {
      "version": "11.12.0",
      "resolved": "https://registry.npmjs.org/highlight.js/-/highlight.js-11.12.0.tgz",
      "integrity": "sha512-nbfWpyRMcMrPMmDwJB+dhX/eiaPKtc2RB+0QZskqJ3WjRA/FDS0e9hZrx8EC/lbEv8gXy98FcDbNa/dspAaJMg==",
      "inBundle": true,
      "license": "BSD-3-Clause",
      "engines": {
        "node": ">=12.0.0"
      }
    },
    "node_modules/node-addon-api": {
      "version": "8.9.2",
      "resolved": "https://registry.npmjs.org/node-addon-api/-/node-addon-api-8.9.2.tgz",
      "integrity": "sha512-VijLXbi3UACN69I0JVXJsX4tjACjNoQDgv2gTF6sx2wWEi8tkSg2eX8p5gSIFi8z2+DL3oHmY6OyKce38SDolg==",
      "inBundle": true,
      "license": "MIT",
      "engines": {
        "node": "^18 || ^20 || >= 21"
      }
    },
    "node_modules/node-gyp-build": {
      "version": "4.8.4",
      "resolved": "https://registry.npmjs.org/node-gyp-build/-/node-gyp-build-4.8.4.tgz",
      "integrity": "sha512-LA4ZjwlnUblHVgq0oBF3Jl/6h/Nvs5fzBLwdEF4nuxnFdsfajde4WfxtJr3CaiH+F6ewcIB/q4jQ4UzPyid+CQ==",
      "inBundle": true,
      "license": "MIT",
      "bin": {
        "node-gyp-build": "bin.js",
        "node-gyp-build-optional": "optional.js",
        "node-gyp-build-test": "build-test.js"
      }
    },
    "node_modules/pi-context-view": {
      "version": "0.5.2",
      "resolved": "https://registry.npmjs.org/pi-context-view/-/pi-context-view-0.5.2.tgz",
      "integrity": "sha512-qDsLmtN4yIr7cB4SncYZnSON0zCQi77ejRcyva2hE1a3Vk9IbWC1pqEBr9naCZivkusDFbbcqHV7Mu+7tNdqJQ==",
      "inBundle": true,
      "license": "MIT",
      "engines": {
        "node": ">=22.19.0"
      },
      "peerDependencies": {
        "@earendil-works/pi-coding-agent": "*",
        "@earendil-works/pi-tui": "*"
      }
    },
    "node_modules/pi-goal-x": {
      "version": "0.31.2",
      "resolved": "https://registry.npmjs.org/pi-goal-x/-/pi-goal-x-0.31.2.tgz",
      "integrity": "sha512-AcDUf/1iv449JXtMnzwOrU9ZMiN7nhUmrW0lQJI/ZWIaGm1kBhZfVJ3iKnrsRHdpLDNZKS0HJjbfSyheQjORrg==",
      "inBundle": true,
      "license": "MIT",
      "bin": {
        "pi-goal-x-recover": "scripts/recover-session-checkpoints.mjs"
      },
      "engines": {
        "node": ">=22.15.0"
      },
      "peerDependencies": {
        "@earendil-works/pi-ai": ">=0.83.0 <0.85.0",
        "@earendil-works/pi-coding-agent": ">=0.83.0 <0.85.0",
        "@earendil-works/pi-tui": ">=0.83.0 <0.85.0",
        "typebox": "^1.3.11"
      }
    },
    "node_modules/tree-sitter-bash": {
      "version": "0.25.1",
      "resolved": "https://registry.npmjs.org/tree-sitter-bash/-/tree-sitter-bash-0.25.1.tgz",
      "integrity": "sha512-7hMytuYIMoXOq24yRulgIxthE9YmggZIOHCyPTTuJcu6EU54tYD+4G39cUb28kxC6jMf/AbPfWGLQtgPTdh3xw==",
      "hasInstallScript": true,
      "inBundle": true,
      "license": "MIT",
      "dependencies": {
        "node-addon-api": "^8.2.1",
        "node-gyp-build": "^4.8.2"
      },
      "peerDependencies": {
        "tree-sitter": "^0.25.0"
      },
      "peerDependenciesMeta": {
        "tree-sitter": {
          "optional": true
        }
      }
    },
    "node_modules/typebox": {
      "version": "1.3.30",
      "resolved": "https://registry.npmjs.org/typebox/-/typebox-1.3.30.tgz",
      "integrity": "sha512-vRmBLzlaq9O9dvfGmI5CssLGvDC/R594kH6N/Q1uUU5VPO3PTgQMlWe/UVNdNVTr2EET+FX8BWZkFdYgxTglbQ==",
      "inBundle": true,
      "license": "MIT"
    },
    "node_modules/web-tree-sitter": {
      "version": "0.26.13",
      "resolved": "https://registry.npmjs.org/web-tree-sitter/-/web-tree-sitter-0.26.13.tgz",
      "integrity": "sha512-5bUZ7vbQ1kcondet96wzP974+JfCZDeQ7bTpacICm2nnvHpa5cO0ByRsoMcAhUP+743vpkb4m0BFlVSm+Ye9VA==",
      "inBundle": true,
      "license": "MIT"
    },
    "node_modules/zod": {
      "version": "4.6.5",
      "resolved": "https://registry.npmjs.org/zod/-/zod-4.6.5.tgz",
      "integrity": "sha512-v5l/aFXZQeai4awLbOpSoHecE9UiMrnfx75tEXLjNonXVARxQ5mOeipTjROUchszUNCqnE+hqAMujRsRHsut2Q==",
      "inBundle": true,
      "license": "MIT",
      "funding": {
        "url": "https://github.com/sponsors/colinhacks"
      }
    }
  }
}
